
Microsoft Visual Studio Solution File, Format Version 12.00
# Visual Studio Version 16
VisualStudioVersion = 16.0.30128.74
MinimumVisualStudioVersion = 10.0.40219.1
Project("{FAE04EC0-301F-11D3-BF4B-00C04F79EFBC}") = "AP_NguyenNhuSang", "AP_NguyenNhuSang\AP_NguyenNhuSang.csproj", "{0AD075EE-97B6-4B0B-9CEF-B976B417EE01}"
EndProject
Global
	GlobalSection(SolutionConfigurationPlatforms) = preSolution
		Debug|Any CPU = Debug|Any CPU
		Release|Any CPU = Release|Any CPU
	EndGlobalSection
	GlobalSection(ProjectConfigurationPlatforms) = postSolution
		{0AD075EE-97B6-4B0B-9CEF-B976B417EE01}.Debug|Any CPU.ActiveCfg = Debug|Any CPU
		{0AD075EE-97B6-4B0B-9CEF-B976B417EE01}.Debug|Any CPU.Build.0 = Debug|Any CPU
		{0AD075EE-97B6-4B0B-9CEF-B976B417EE01}.Release|Any CPU.ActiveCfg = Release|Any CPU
		{0AD075EE-97B6-4B0B-9CEF-B976B417EE01}.Release|Any CPU.Build.0 = Release|Any CPU
	EndGlobalSection
	GlobalSection(SolutionProperties) = preSolution
		HideSolutionNode = FALSE
	EndGlobalSection
	GlobalSection(ExtensibilityGlobals) = postSolution
		SolutionGuid = {00B9E2E1-32DC-4853-9FC2-6E3252556BBB}
	EndGlobalSection
EndGlobal
